
Microsoft Visual Studio Solution File, Format Version 12.00
# Visual Studio Version 17
VisualStudioVersion = 17.0.31903.59
MinimumVisualStudioVersion = 10.0.40219.1
Project("{FAE04EC0-301F-11D3-BF4B-00C04F79EFBC}") = "IncidentService", "IncidentService\IncidentService.csproj", "{FCD4C086-5CBC-44F1-A284-631DEF791FCA}"
EndProject
Project("{FAE04EC0-301F-11D3-BF4B-00C04F79EFBC}") = "IncidentService.Tests", "IncidentService.Tests\IncidentService.Tests.csproj", "{62C30762-25F1-4E2B-BDA4-978614B20640}"
EndProject
Project("{FAE04EC0-301F-11D3-BF4B-00C04F79EFBC}") = "NotificationService", "NotificationService\NotificationService.csproj", "{309379D4-DB36-4EF3-823F-4F488C4ECD4E}"
EndProject
Global
	GlobalSection(SolutionConfigurationPlatforms) = preSolution
		Debug|Any CPU = Debug|Any CPU
		Release|Any CPU = Release|Any CPU
	EndGlobalSection
	GlobalSection(SolutionProperties) = preSolution
		HideSolutionNode = FALSE
	EndGlobalSection
	GlobalSection(ProjectConfigurationPlatforms) = postSolution
		{FCD4C086-5CBC-44F1-A284-631DEF791FCA}.Debug|Any CPU.ActiveCfg = Debug|Any CPU
		{FCD4C086-5CBC-44F1-A284-631DEF791FCA}.Debug|Any CPU.Build.0 = Debug|Any CPU
		{FCD4C086-5CBC-44F1-A284-631DEF791FCA}.Release|Any CPU.ActiveCfg = Release|Any CPU
		{FCD4C086-5CBC-44F1-A284-631DEF791FCA}.Release|Any CPU.Build.0 = Release|Any CPU
		{62C30762-25F1-4E2B-BDA4-978614B20640}.Debug|Any CPU.ActiveCfg = Debug|Any CPU
		{62C30762-25F1-4E2B-BDA4-978614B20640}.Debug|Any CPU.Build.0 = Debug|Any CPU
		{62C30762-25F1-4E2B-BDA4-978614B20640}.Release|Any CPU.ActiveCfg = Release|Any CPU
		{62C30762-25F1-4E2B-BDA4-978614B20640}.Release|Any CPU.Build.0 = Release|Any CPU
		{309379D4-DB36-4EF3-823F-4F488C4ECD4E}.Debug|Any CPU.ActiveCfg = Debug|Any CPU
		{309379D4-DB36-4EF3-823F-4F488C4ECD4E}.Debug|Any CPU.Build.0 = Debug|Any CPU
		{309379D4-DB36-4EF3-823F-4F488C4ECD4E}.Release|Any CPU.ActiveCfg = Release|Any CPU
		{309379D4-DB36-4EF3-823F-4F488C4ECD4E}.Release|Any CPU.Build.0 = Release|Any CPU
	EndGlobalSection
EndGlobal
